{
  "nodes": {
    "nix": {
      "flake": false,
      "locked": {
        "lastModified": 1762712285,
        "narHash": "sha256-Qy6xdzHbMFGG1fUD7bW7b5DelIzB+ss8FInMV3BuDp4=",
        "owner": "NixOS",
        "repo": "nix",
        "rev": "903fccf2fd31e1658d879697501829cf04ab6851",
        "type": "github"
      },
      "original": {
        "owner": "NixOS",
        "ref": "2.29-maintenance",
        "repo": "nix",
        "type": "github"
      }
    },
    "nix-eval-jobs": {
      "flake": false,
      "locked": {
        "lastModified": 1760478325,
        "narHash": "sha256-hA+NOH8KDcsuvH7vJqSwk74PyZP3MtvI/l+CggZcnTc=",
        "owner": "nix-community",
        "repo": "nix-eval-jobs",
        "rev": "daa42f9e9c84aeff1e325dd50fda321f53dfd02c",
        "type": "github"
      },
      "original": {
        "owner": "nix-community",
        "repo": "nix-eval-jobs",
        "type": "github"
      }
    },
    "nixpkgs": {
      "locked": {
        "lastModified": 1764501840,
        "narHash": "sha256-u1Y4dFLQL7fp3O8pWm12+kG1vdvK2+Rw0yJIBiPsaFM=",
        "owner": "NixOS",
        "repo": "nixpkgs",
        "rev": "c58696d2b33a1e809af5a5b8cf569c6910545c70",
        "type": "github"
      },
      "original": {
        "owner": "NixOS",
        "ref": "nixos-25.05-small",
        "repo": "nixpkgs",
        "type": "github"
      }
    },
    "root": {
      "inputs": {
        "nix": "nix",
        "nix-eval-jobs": "nix-eval-jobs",
        "nixpkgs": "nixpkgs"
      }
    }
  },
  "root": "root",
  "version": 7
}
